
Microsoft Visual Studio Solution File, Format Version 12.00
# Visual Studio Version 16
VisualStudioVersion = 16.0.30002.166
MinimumVisualStudioVersion = 10.0.40219.1
Project("{00D1A9C2-B5F0-4AF3-8072-F6C62B433612}") = "Identity.Database", "Identity.Database\Identity.Database.sqlproj", "{D71B3C2C-B7B0-4026-BF75-2E02182259B5}"
EndProject
Project("{FAE04EC0-301F-11D3-BF4B-00C04F79EFBC}") = "Identity.Entities", "Identity.Entities\Identity.Entities.csproj", "{7BE37533-ABA8-49EE-AC03-B53376501F2B}"
EndProject
Project("{FAE04EC0-301F-11D3-BF4B-00C04F79EFBC}") = "Identity.Web", "Identity.Web\Identity.Web.csproj", "{82268C3F-EF02-4797-BCD7-16D4D174D443}"
EndProject
Global
	GlobalSection(SolutionConfigurationPlatforms) = preSolution
		Debug|Any CPU = Debug|Any CPU
		Release|Any CPU = Release|Any CPU
	EndGlobalSection
	GlobalSection(ProjectConfigurationPlatforms) = postSolution
		{D71B3C2C-B7B0-4026-BF75-2E02182259B5}.Debug|Any CPU.ActiveCfg = Debug|Any CPU
		{D71B3C2C-B7B0-4026-BF75-2E02182259B5}.Debug|Any CPU.Build.0 = Debug|Any CPU
		{D71B3C2C-B7B0-4026-BF75-2E02182259B5}.Debug|Any CPU.Deploy.0 = Debug|Any CPU
		{D71B3C2C-B7B0-4026-BF75-2E02182259B5}.Release|Any CPU.ActiveCfg = Release|Any CPU
		{D71B3C2C-B7B0-4026-BF75-2E02182259B5}.Release|Any CPU.Build.0 = Release|Any CPU
		{D71B3C2C-B7B0-4026-BF75-2E02182259B5}.Release|Any CPU.Deploy.0 = Release|Any CPU
		{7BE37533-ABA8-49EE-AC03-B53376501F2B}.Debug|Any CPU.ActiveCfg = Debug|Any CPU
		{7BE37533-ABA8-49EE-AC03-B53376501F2B}.Debug|Any CPU.Build.0 = Debug|Any CPU
		{7BE37533-ABA8-49EE-AC03-B53376501F2B}.Release|Any CPU.ActiveCfg = Release|Any CPU
		{7BE37533-ABA8-49EE-AC03-B53376501F2B}.Release|Any CPU.Build.0 = Release|Any CPU
		{82268C3F-EF02-4797-BCD7-16D4D174D443}.Debug|Any CPU.ActiveCfg = Debug|Any CPU
		{82268C3F-EF02-4797-BCD7-16D4D174D443}.Debug|Any CPU.Build.0 = Debug|Any CPU
		{82268C3F-EF02-4797-BCD7-16D4D174D443}.Release|Any CPU.ActiveCfg = Release|Any CPU
		{82268C3F-EF02-4797-BCD7-16D4D174D443}.Release|Any CPU.Build.0 = Release|Any CPU
	EndGlobalSection
	GlobalSection(SolutionProperties) = preSolution
		HideSolutionNode = FALSE
	EndGlobalSection
	GlobalSection(ExtensibilityGlobals) = postSolution
		SolutionGuid = {6BA874DF-B06F-46F0-BD87-C5E467A44931}
	EndGlobalSection
EndGlobal
